
Microsoft Visual Studio Solution File, Format Version 12.00
# Visual Studio 15
VisualStudioVersion = 15.0.28010.2046
MinimumVisualStudioVersion = 10.0.40219.1
Project("{FAE04EC0-301F-11D3-BF4B-00C04F79EFBC}") = "EcommerceShop.Core", "EcommerceShop.Core\EcommerceShop.Core.csproj", "{ECA3DD63-F429-4665-A0BD-A392CBD26A69}"
EndProject
Global
	GlobalSection(SolutionConfigurationPlatforms) = preSolution
		Debug|Any CPU = Debug|Any CPU
		Release|Any CPU = Release|Any CPU
	EndGlobalSection
	GlobalSection(ProjectConfigurationPlatforms) = postSolution
		{ECA3DD63-F429-4665-A0BD-A392CBD26A69}.Debug|Any CPU.ActiveCfg = Debug|Any CPU
		{ECA3DD63-F429-4665-A0BD-A392CBD26A69}.Debug|Any CPU.Build.0 = Debug|Any CPU
		{ECA3DD63-F429-4665-A0BD-A392CBD26A69}.Release|Any CPU.ActiveCfg = Release|Any CPU
		{ECA3DD63-F429-4665-A0BD-A392CBD26A69}.Release|Any CPU.Build.0 = Release|Any CPU
	EndGlobalSection
	GlobalSection(SolutionProperties) = preSolution
		HideSolutionNode = FALSE
	EndGlobalSection
	GlobalSection(ExtensibilityGlobals) = postSolution
		SolutionGuid = {D80F66A7-0E99-468D-93FD-E96371F7597D}
	EndGlobalSection
EndGlobal
